{
  "nodes": {
    "home-manager": {
      "inputs": {
        "nixpkgs": [
          "nixpkgs"
        ]
      },
      "locked": {
        "lastModified": 1759573136,
        "narHash": "sha256-ILSPD0Dm8p0w0fCVzOx98ZH8yFDrR75GmwmH3fS2VnE=",
        "owner": "nix-community",
        "repo": "home-manager",
        "rev": "5f06ceafc6c9b773a776b9195c3f47bbe1defa43",
        "type": "github"
      },
      "original": {
        "owner": "nix-community",
        "repo": "home-manager",
        "type": "github"
      }
    },
    "nixos-06cb-009a-fingerprint-sensor": {
      "inputs": {
        "nixpkgs": "nixpkgs"
      },
      "locked": {
        "lastModified": 1734692513,
        "narHash": "sha256-3QEzFFrkXLj/JgZGoLaxq/pPkflSXfBOP10bXL8/Niw=",
        "owner": "ahbnr",
        "repo": "nixos-06cb-009a-fingerprint-sensor",
        "rev": "3678b193efa1e06aab86058aecee18ddaa8878d2",
        "type": "github"
      },
      "original": {
        "owner": "ahbnr",
        "repo": "nixos-06cb-009a-fingerprint-sensor",
        "type": "github"
      }
    },
    "nixpkgs": {
      "locked": {
        "lastModified": 1734323986,
        "narHash": "sha256-m/lh6hYMIWDYHCAsn81CDAiXoT3gmxXI9J987W5tZrE=",
        "owner": "NixOS",
        "repo": "nixpkgs",
        "rev": "394571358ce82dff7411395829aa6a3aad45b907",
        "type": "github"
      },
      "original": {
        "id": "nixpkgs",
        "ref": "nixos-24.11",
        "type": "indirect"
      }
    },
    "nixpkgs_2": {
      "locked": {
        "lastModified": 1759381078,
        "narHash": "sha256-gTrEEp5gEspIcCOx9PD8kMaF1iEmfBcTbO0Jag2QhQs=",
        "owner": "nixos",
        "repo": "nixpkgs",
        "rev": "7df7ff7d8e00218376575f0acdcc5d66741351ee",
        "type": "github"
      },
      "original": {
        "owner": "nixos",
        "ref": "nixos-unstable",
        "repo": "nixpkgs",
        "type": "github"
      }
    },
    "noctalia": {
      "inputs": {
        "nixpkgs": [
          "nixpkgs"
        ],
        "quickshell": [
          "quickshell"
        ],
        "systems": "systems"
      },
      "locked": {
        "lastModified": 1759688883,
        "narHash": "sha256-zsGbeLzkFP/qfW8HKt8TGIyUM975AHD9cW82QpDU64U=",
        "owner": "noctalia-dev",
        "repo": "noctalia-shell",
        "rev": "3dbd2e50fb49ada0702fa30485c43050d5f91e0e",
        "type": "github"
      },
      "original": {
        "owner": "noctalia-dev",
        "repo": "noctalia-shell",
        "type": "github"
      }
    },
    "quickshell": {
      "inputs": {
        "nixpkgs": [
          "nixpkgs"
        ]
      },
      "locked": {
        "lastModified": 1759610621,
        "narHash": "sha256-P3UPFd95mS/3aNgy40nCXAmyfR2bEEBd+tX6xfkYFb0=",
        "owner": "outfoxxed",
        "repo": "quickshell",
        "rev": "c5c438f1cd1a76660a8658ef929a3d19e968e2ce",
        "type": "github"
      },
      "original": {
        "owner": "outfoxxed",
        "repo": "quickshell",
        "type": "github"
      }
    },
    "root": {
      "inputs": {
        "home-manager": "home-manager",
        "nixos-06cb-009a-fingerprint-sensor": "nixos-06cb-009a-fingerprint-sensor",
        "nixpkgs": "nixpkgs_2",
        "noctalia": "noctalia",
        "quickshell": "quickshell",
        "zen-browser": "zen-browser"
      }
    },
    "systems": {
      "locked": {
        "lastModified": 1681028828,
        "narHash": "sha256-Vy1rq5AaRuLzOxct8nz4T6wlgyUR7zLU309k9mBC768=",
        "owner": "nix-systems",
        "repo": "default",
        "rev": "da67096a3b9bf56a91d16901293e51ba5b49a27e",
        "type": "github"
      },
      "original": {
        "owner": "nix-systems",
        "repo": "default",
        "type": "github"
      }
    },
    "zen-browser": {
      "inputs": {
        "home-manager": [
          "home-manager"
        ],
        "nixpkgs": [
          "nixpkgs"
        ]
      },
      "locked": {
        "lastModified": 1759638087,
        "narHash": "sha256-z4d+Ajps4cf8Y9wMUDuTjtKtx8ZBXbWhBzJj2n3yCfg=",
        "owner": "0xc000022070",
        "repo": "zen-browser-flake",
        "rev": "e37ff6cdda4ee4db3ba24447322b8604612510c9",
        "type": "github"
      },
      "original": {
        "owner": "0xc000022070",
        "repo": "zen-browser-flake",
        "type": "github"
      }
    }
  },
  "root": "root",
  "version": 7
}
